// !$*UTF8*$!
{
	archiveVersion = 1;
	classes = {
	};
	objectVersion = 46;
	objects = {

/* Begin PBXBuildFile section */
		7C8731CE1BD4169E00013E0B /* AppDelegate.swift in Sources */ = {isa = PBXBuildFile; fileRef = 7C8731CD1BD4169E00013E0B /* AppDelegate.swift */; };
		7C8731D01BD4169E00013E0B /* ViewController.swift in Sources */ = {isa = PBXBuildFile; fileRef = 7C8731CF1BD4169E00013E0B /* ViewController.swift */; };
		7C8731D31BD4169E00013E0B /* Main.storyboard in Resources */ = {isa = PBXBuildFile; fileRef = 7C8731D11BD4169E00013E0B /* Main.storyboard */; };
		7C8731D61BD4169E00013E0B /* FamilyFeud.xcdatamodeld in Sources */ = {isa = PBXBuildFile; fileRef = 7C8731D41BD4169E00013E0B /* FamilyFeud.xcdatamodeld */; };
		7C8731D81BD4169E00013E0B /* Assets.xcassets in Resources */ = {isa = PBXBuildFile; fileRef = 7C8731D71BD4169E00013E0B /* Assets.xcassets */; };
		7C8731DB1BD4169F00013E0B /* LaunchScreen.storyboard in Resources */ = {isa = PBXBuildFile; fileRef = 7C8731D91BD4169F00013E0B /* LaunchScreen.storyboard */; };
/* End PBXBuildFile section */

/* Begin PBXFileReference section */
		7C8731CA1BD4169E00013E0B /* FamilyFeud.app */ = {isa = PBXFileReference; explicitFileType = wrapper.application; includeInIndex = 0; path = FamilyFeud.app; sourceTree = BUILT_PRODUCTS_DIR; };
		7C8731CD1BD4169E00013E0B /* AppDelegate.swift */ = {isa = PBXFileReference; lastKnownFileType = sourcecode.swift; path = AppDelegate.swift; sourceTree = "<group>"; };
		7C8731CF1BD4169E00013E0B /* ViewController.swift */ = {isa = PBXFileReference; lastKnownFileType = sourcecode.swift; path = ViewController.swift; sourceTree = "<group>"; };
		7C8731D21BD4169E00013E0B /* Base */ = {isa = PBXFileReference; lastKnownFileType = file.storyboard; name = Base; path = Base.lproj/Main.storyboard; sourceTree = "<group>"; };
		7C8731D51BD4169E00013E0B /* FamilyFeud.xcdatamodel */ = {isa = PBXFileReference; lastKnownFileType = wrapper.xcdatamodel; path = FamilyFeud.xcdatamodel; sourceTree = "<group>"; };
		7C8731D71BD4169E00013E0B /* Assets.xcassets */ = {isa = PBXFileReference; lastKnownFileType = folder.assetcatalog; path = Assets.xcassets; sourceTree = "<group>"; };
		7C8731DA1BD4169F00013E0B /* Base */ = {isa = PBXFileReference; lastKnownFileType = file.storyboard; name = Base; path = Base.lproj/LaunchScreen.storyboard; sourceTree = "<group>"; };
		7C8731DC1BD4169F00013E0B /* Info.plist */ = {isa = PBXFileReference; lastKnownFileType = text.plist.xml; path = Info.plist; sourceTree = "<group>"; };
/* End PBXFileReference section */

/* Begin PBXFrameworksBuildPhase section */
		7C8731C71BD4169E00013E0B /* Frameworks */ = {
			isa = PBXFrameworksBuildPhase;
			buildActionMask = 2147483647;
			files = (
			);
			runOnlyForDeploymentPostprocessing = 0;
		};
/* End PBXFrameworksBuildPhase section */

/* Begin PBXGroup section */
		7C8731C11BD4169E00013E0B = {
			isa = PBXGroup;
			children = (
				7C8731CC1BD4169E00013E0B /* FamilyFeud */,
				7C8731CB1BD4169E00013E0B /* Products */,
			);
			sourceTree = "<group>";
		};
		7C8731CB1BD4169E00013E0B /* Products */ = {
			isa = PBXGroup;
			children = (
				7C8731CA1BD4169E00013E0B /* FamilyFeud.app */,
			);
			name = Products;
			sourceTree = "<group>";
		};
		7C8731CC1BD4169E00013E0B /* FamilyFeud */ = {
			isa = PBXGroup;
			children = (
				7C8731CD1BD4169E00013E0B /* AppDelegate.swift */,
				7C8731CF1BD4169E00013E0B /* ViewController.swift */,
				7C8731D11BD4169E00013E0B /* Main.storyboard */,
				7C8731D71BD4169E00013E0B /* Assets.xcassets */,
				7C8731D91BD4169F00013E0B /* LaunchScreen.storyboard */,
				7C8731DC1BD4169F00013E0B /* Info.plist */,
				7C8731D41BD4169E00013E0B /* FamilyFeud.xcdatamodeld */,
			);
			path = FamilyFeud;
			sourceTree = "<group>";
		};
/* End PBXGroup section */

/* Begin PBXNativeTarget section */
		7C8731C91BD4169E00013E0B /* FamilyFeud */ = {
			isa = PBXNativeTarget;
			buildConfigurationList = 7C8731DF1BD4169F00013E0B /* Build configuration list for PBXNativeTarget "FamilyFeud" */;
			buildPhases = (
				7C8731C61BD4169E00013E0B /* Sources */,
				7C8731C71BD4169E00013E0B /* Frameworks */,
				7C8731C81BD4169E00013E0B /* Resources */,
			);
			buildRules = (
			);
			dependencies = (
			);
			name = FamilyFeud;
			productName = FamilyFeud;
			productReference = 7C8731CA1BD4169E00013E0B /* FamilyFeud.app */;
			productType = "com.apple.product-type.application";
		};
/* End PBXNativeTarget section */

/* Begin PBXProject section */
		7C8731C21BD4169E00013E0B /* Project object */ = {
			isa = PBXProject;
			attributes = {
				LastUpgradeCheck = 0700;
				ORGANIZATIONNAME = "David Amin";
				TargetAttributes = {
					7C8731C91BD4169E00013E0B = {
						CreatedOnToolsVersion = 7.0;
						DevelopmentTeam = 6JE7884YBE;
					};
				};
			};
			buildConfigurationList = 7C8731C51BD4169E00013E0B /* Build configuration list for PBXProject "FamilyFeud" */;
			compatibilityVersion = "Xcode 3.2";
			developmentRegion = English;
			hasScannedForEncodings = 0;
			knownRegions = (
				en,
				Base,
			);
			mainGroup = 7C8731C11BD4169E00013E0B;
			productRefGroup = 7C8731CB1BD4169E00013E0B /* Products */;
			projectDirPath = "";
			projectRoot = "";
			targets = (
				7C8731C91BD4169E00013E0B /* FamilyFeud */,
			);
		};
/* End PBXProject section */

/* Begin PBXResourcesBuildPhase section */
		7C8731C81BD4169E00013E0B /* Resources */ = {
			isa = PBXResourcesBuildPhase;
			buildActionMask = 2147483647;
			files = (
				7C8731DB1BD4169F00013E0B /* LaunchScreen.storyboard in Resources */,
				7C8731D81BD4169E00013E0B /* Assets.xcassets in Resources */,
				7C8731D31BD4169E00013E0B /* Main.storyboard in Resources */,
			);
			runOnlyForDeploymentPostprocessing = 0;
		};
/* End PBXResourcesBuildPhase section */

/* Begin PBXSourcesBuildPhase section */
		7C8731C61BD4169E00013E0B /* Sources */ = {
			isa = PBXSourcesBuildPhase;
			buildActionMask = 2147483647;
			files = (
				7C8731D01BD4169E00013E0B /* ViewController.swift in Sources */,
				7C8731D61BD4169E00013E0B /* FamilyFeud.xcdatamodeld in Sources */,
				7C8731CE1BD4169E00013E0B /* AppDelegate.swift in Sources */,
			);
			runOnlyForDeploymentPostprocessing = 0;
		};
/* End PBXSourcesBuildPhase section */

/* Begin PBXVariantGroup section */
		7C8731D11BD4169E00013E0B /* Main.storyboard */ = {
			isa = PBXVariantGroup;
			children = (
				7C8731D21BD4169E00013E0B /* Base */,
			);
			name = Main.storyboard;
			sourceTree = "<group>";
		};
		7C8731D91BD4169F00013E0B /* LaunchScreen.storyboard */ = {
			isa = PBXVariantGroup;
			children = (
				7C8731DA1BD4169F00013E0B /* Base */,
			);
			name = LaunchScreen.storyboard;
			sourceTree = "<group>";
		};
/* End PBXVariantGroup section */

/* Begin XCBuildConfiguration section */
		7C8731DD1BD4169F00013E0B /* Debug */ = {
			isa = XCBuildConfiguration;
			buildSettings = {
				ALWAYS_SEARCH_USER_PATHS = NO;
				CLANG_CXX_LANGUAGE_STANDARD = "gnu++0x";
				CLANG_CXX_LIBRARY = "libc++";
				CLANG_ENABLE_MODULES = YES;
				CLANG_ENABLE_OBJC_ARC = YES;
				CLANG_WARN_BOOL_CONVERSION = YES;
				CLANG_WARN_CONSTANT_CONVERSION = YES;
				CLANG_WARN_DIRECT_OBJC_ISA_USAGE = YES_ERROR;
				CLANG_WARN_EMPTY_BODY = YES;
				CLANG_WARN_ENUM_CONVERSION = YES;
				CLANG_WARN_INT_CONVERSION = YES;
				CLANG_WARN_OBJC_ROOT_CLASS = YES_ERROR;
				CLANG_WARN_UNREACHABLE_CODE = YES;
				CLANG_WARN__DUPLICATE_METHOD_MATCH = YES;
				"CODE_SIGN_IDENTITY[sdk=iphoneos*]" = "iPhone Developer";
				COPY_PHASE_STRIP = NO;
				DEBUG_INFORMATION_FORMAT = dwarf;
				ENABLE_STRICT_OBJC_MSGSEND = YES;
				ENABLE_TESTABILITY = YES;
				GCC_C_LANGUAGE_STANDARD = gnu99;
				GCC_DYNAMIC_NO_PIC = NO;
				GCC_NO_COMMON_BLOCKS = YES;
				GCC_OPTIMIZATION_LEVEL = 0;
				GCC_PREPROCESSOR_DEFINITIONS = (
					"DEBUG=1",
					"$(inherited)",
				);
				GCC_WARN_64_TO_32_BIT_CONVERSION = YES;
				GCC_WARN_ABOUT_RETURN_TYPE = YES_ERROR;
				GCC_WARN_UNDECLARED_SELECTOR = YES;
				GCC_WARN_UNINITIALIZED_AUTOS = YES_AGGRESSIVE;
				GCC_WARN_UNUSED_FUNCTION = YES;
				GCC_WARN_UNUSED_VARIABLE = YES;
				IPHONEOS_DEPLOYMENT_TARGET = 9.0;
				MTL_ENABLE_DEBUG_INFO = YES;
				ONLY_ACTIVE_ARCH = YES;
				SDKROOT = iphoneos;
				SWIFT_OPTIMIZATION_LEVEL = "-Onone";
				TARGETED_DEVICE_FAMILY = "1,2";
			};
			name = Debug;
		};
		7C8731DE1BD4169F00013E0B /* Release */ = {
			isa = XCBuildConfiguration;
			buildSettings = {
				ALWAYS_SEARCH_USER_PATHS = NO;
				CLANG_CXX_LANGUAGE_STANDARD = "gnu++0x";
				CLANG_CXX_LIBRARY = "libc++";
				CLANG_ENABLE_MODULES = YES;
				CLANG_ENABLE_OBJC_ARC = YES;
				CLANG_WARN_BOOL_CONVERSION = YES;
				CLANG_WARN_CONSTANT_CONVERSION = YES;
				CLANG_WARN_DIRECT_OBJC_ISA_USAGE = YES_ERROR;
				CLANG_WARN_EMPTY_BODY = YES;
				CLANG_WARN_ENUM_CONVERSION = YES;
				CLANG_WARN_INT_CONVERSION = YES;
				CLANG_WARN_OBJC_ROOT_CLASS = YES_ERROR;
				CLANG_WARN_UNREACHABLE_CODE = YES;
				CLANG_WARN__DUPLICATE_METHOD_MATCH = YES;
				"CODE_SIGN_IDENTITY[sdk=iphoneos*]" = "iPhone Developer";
				COPY_PHASE_STRIP = NO;
				DEBUG_INFORMATION_FORMAT = "dwarf-with-dsym";
				ENABLE_NS_ASSERTIONS = NO;
				ENABLE_STRICT_OBJC_MSGSEND = YES;
				GCC_C_LANGUAGE_STANDARD = gnu99;
				GCC_NO_COMMON_BLOCKS = YES;
				GCC_WARN_64_TO_32_BIT_CONVERSION = YES;
				GCC_WARN_ABOUT_RETURN_TYPE = YES_ERROR;
				GCC_WARN_UNDECLARED_SELECTOR = YES;
				GCC_WARN_UNINITIALIZED_AUTOS = YES_AGGRESSIVE;
				GCC_WARN_UNUSED_FUNCTION = YES;
				GCC_WARN_UNUSED_VARIABLE = YES;
				IPHONEOS_DEPLOYMENT_TARGET = 9.0;
				MTL_ENABLE_DEBUG_INFO = NO;
				SDKROOT = iphoneos;
				TARGETED_DEVICE_FAMILY = "1,2";
				VALIDATE_PRODUCT = YES;
			};
			name = Release;
		};
		7C8731E01BD4169F00013E0B /* Debug */ = {
			isa = XCBuildConfiguration;
			buildSettings = {
				ASSETCATALOG_COMPILER_APPICON_NAME = AppIcon;
				CODE_SIGN_IDENTITY = "iPhone Developer";
				"CODE_SIGN_IDENTITY[sdk=iphoneos*]" = "iPhone Developer";
				INFOPLIST_FILE = FamilyFeud/Info.plist;
				LD_RUNPATH_SEARCH_PATHS = "$(inherited) @executable_path/Frameworks";
				PRODUCT_BUNDLE_IDENTIFIER = edu.virginia.cs.FamilyFeud;
				PRODUCT_NAME = "$(TARGET_NAME)";
				PROVISIONING_PROFILE = "";
			};
			name = Debug;
		};
		7C8731E11BD4169F00013E0B /* Release */ = {
			isa = XCBuildConfiguration;
			buildSettings = {
				ASSETCATALOG_COMPILER_APPICON_NAME = AppIcon;
				CODE_SIGN_IDENTITY = "iPhone Developer";
				"CODE_SIGN_IDENTITY[sdk=iphoneos*]" = "iPhone Developer";
				INFOPLIST_FILE = FamilyFeud/Info.plist;
				LD_RUNPATH_SEARCH_PATHS = "$(inherited) @executable_path/Frameworks";
				PRODUCT_BUNDLE_IDENTIFIER = edu.virginia.cs.FamilyFeud;
				PRODUCT_NAME = "$(TARGET_NAME)";
				PROVISIONING_PROFILE = "";
			};
			name = Release;
		};
/* End XCBuildConfiguration section */

/* Begin XCConfigurationList section */
		7C8731C51BD4169E00013E0B /* Build configuration list for PBXProject "FamilyFeud" */ = {
			isa = XCConfigurationList;
			buildConfigurations = (
				7C8731DD1BD4169F00013E0B /* Debug */,
				7C8731DE1BD4169F00013E0B /* Release */,
			);
			defaultConfigurationIsVisible = 0;
			defaultConfigurationName = Release;
		};
		7C8731DF1BD4169F00013E0B /* Build configuration list for PBXNativeTarget "FamilyFeud" */ = {
			isa = XCConfigurationList;
			buildConfigurations = (
				7C8731E01BD4169F00013E0B /* Debug */,
				7C8731E11BD4169F00013E0B /* Release */,
			);
			defaultConfigurationIsVisible = 0;
			defaultConfigurationName = Release;
		};
/* End XCConfigurationList section */

/* Begin XCVersionGroup section */
		7C8731D41BD4169E00013E0B /* FamilyFeud.xcdatamodeld */ = {
			isa = XCVersionGroup;
			children = (
				7C8731D51BD4169E00013E0B /* FamilyFeud.xcdatamodel */,
			);
			currentVersion = 7C8731D51BD4169E00013E0B /* FamilyFeud.xcdatamodel */;
			path = FamilyFeud.xcdatamodeld;
			sourceTree = "<group>";
			versionGroupType = wrapper.xcdatamodel;
		};
/* End XCVersionGroup section */
	};
	rootObject = 7C8731C21BD4169E00013E0B /* Project object */;
}
